
Microsoft Visual Studio Solution File, Format Version 12.00
# Visual Studio 15
VisualStudioVersion = 15.0.28307.271
MinimumVisualStudioVersion = 10.0.40219.1
Project("{FAE04EC0-301F-11D3-BF4B-00C04F79EFBC}") = "lab1strucGame", "lab1strucGame\lab1strucGame.csproj", "{4148BD22-1C61-497F-A684-1DCC83E670A8}"
EndProject
Global
	GlobalSection(SolutionConfigurationPlatforms) = preSolution
		Debug|Any CPU = Debug|Any CPU
		Release|Any CPU = Release|Any CPU
	EndGlobalSection
	GlobalSection(ProjectConfigurationPlatforms) = postSolution
		{4148BD22-1C61-497F-A684-1DCC83E670A8}.Debug|Any CPU.ActiveCfg = Debug|Any CPU
		{4148BD22-1C61-497F-A684-1DCC83E670A8}.Debug|Any CPU.Build.0 = Debug|Any CPU
		{4148BD22-1C61-497F-A684-1DCC83E670A8}.Release|Any CPU.ActiveCfg = Release|Any CPU
		{4148BD22-1C61-497F-A684-1DCC83E670A8}.Release|Any CPU.Build.0 = Release|Any CPU
	EndGlobalSection
	GlobalSection(SolutionProperties) = preSolution
		HideSolutionNode = FALSE
	EndGlobalSection
	GlobalSection(ExtensibilityGlobals) = postSolution
		SolutionGuid = {6D1E5A2B-0DFD-42AD-96A9-43E24A4739EB}
	EndGlobalSection
EndGlobal
